
Microsoft Visual Studio Solution File, Format Version 12.00
# Visual Studio Version 17
VisualStudioVersion = 17.2.32630.192
MinimumVisualStudioVersion = 10.0.40219.1
Project("{9A19103F-16F7-4668-BE54-9A1E7A4F7556}") = "ConProPWA", "ConProPWA.csproj", "{B67295A4-9B77-46C4-9C12-6124D72C3FBE}"
EndProject
Global
	GlobalSection(SolutionConfigurationPlatforms) = preSolution
		Debug|Any CPU = Debug|Any CPU
		Release|Any CPU = Release|Any CPU
	EndGlobalSection
	GlobalSection(ProjectConfigurationPlatforms) = postSolution
		{B67295A4-9B77-46C4-9C12-6124D72C3FBE}.Debug|Any CPU.ActiveCfg = Debug|Any CPU
		{B67295A4-9B77-46C4-9C12-6124D72C3FBE}.Debug|Any CPU.Build.0 = Debug|Any CPU
		{B67295A4-9B77-46C4-9C12-6124D72C3FBE}.Release|Any CPU.ActiveCfg = Release|Any CPU
		{B67295A4-9B77-46C4-9C12-6124D72C3FBE}.Release|Any CPU.Build.0 = Release|Any CPU
	EndGlobalSection
	GlobalSection(SolutionProperties) = preSolution
		HideSolutionNode = FALSE
	EndGlobalSection
	GlobalSection(ExtensibilityGlobals) = postSolution
		SolutionGuid = {E014A357-4040-4521-8212-9C443EE2E023}
	EndGlobalSection
EndGlobal
